
Microsoft Visual Studio Solution File, Format Version 12.00
# Visual Studio Version 17
VisualStudioVersion = 17.14.36429.23 d17.14
MinimumVisualStudioVersion = 10.0.40219.1
Project("{8BC9CEB8-8B4A-11D0-8D11-00A0C91BC942}") = "Datastructures", "Datastructures\Datastructures.vcxproj", "{47EEC64F-B261-476A-AA51-06503C3A15D6}"
EndProject
Global
	GlobalSection(SolutionConfigurationPlatforms) = preSolution
		Debug|x64 = Debug|x64
		Debug|x86 = Debug|x86
		Release|x64 = Release|x64
		Release|x86 = Release|x86
	EndGlobalSection
	GlobalSection(ProjectConfigurationPlatforms) = postSolution
		{47EEC64F-B261-476A-AA51-06503C3A15D6}.Debug|x64.ActiveCfg = Debug|x64
		{47EEC64F-B261-476A-AA51-06503C3A15D6}.Debug|x64.Build.0 = Debug|x64
		{47EEC64F-B261-476A-AA51-06503C3A15D6}.Debug|x86.ActiveCfg = Debug|Win32
		{47EEC64F-B261-476A-AA51-06503C3A15D6}.Debug|x86.Build.0 = Debug|Win32
		{47EEC64F-B261-476A-AA51-06503C3A15D6}.Release|x64.ActiveCfg = Release|x64
		{47EEC64F-B261-476A-AA51-06503C3A15D6}.Release|x64.Build.0 = Release|x64
		{47EEC64F-B261-476A-AA51-06503C3A15D6}.Release|x86.ActiveCfg = Release|Win32
		{47EEC64F-B261-476A-AA51-06503C3A15D6}.Release|x86.Build.0 = Release|Win32
	EndGlobalSection
	GlobalSection(SolutionProperties) = preSolution
		HideSolutionNode = FALSE
	EndGlobalSection
	GlobalSection(ExtensibilityGlobals) = postSolution
		SolutionGuid = {3869E087-1561-4022-B153-C7893BBE4EE2}
	EndGlobalSection
EndGlobal
